
Microsoft Visual Studio Solution File, Format Version 12.00
# Visual Studio Version 17
VisualStudioVersion = 17.4.33205.214
MinimumVisualStudioVersion = 10.0.40219.1
Project("{FAE04EC0-301F-11D3-BF4B-00C04F79EFBC}") = "Magazin", "Magazin\Magazin.csproj", "{E288B27D-66A7-4D7C-AA05-5A1C1C04275B}"
EndProject
Global
	GlobalSection(SolutionConfigurationPlatforms) = preSolution
		Debug|Any CPU = Debug|Any CPU
		Release|Any CPU = Release|Any CPU
	EndGlobalSection
	GlobalSection(ProjectConfigurationPlatforms) = postSolution
		{E288B27D-66A7-4D7C-AA05-5A1C1C04275B}.Debug|Any CPU.ActiveCfg = Debug|Any CPU
		{E288B27D-66A7-4D7C-AA05-5A1C1C04275B}.Debug|Any CPU.Build.0 = Debug|Any CPU
		{E288B27D-66A7-4D7C-AA05-5A1C1C04275B}.Release|Any CPU.ActiveCfg = Release|Any CPU
		{E288B27D-66A7-4D7C-AA05-5A1C1C04275B}.Release|Any CPU.Build.0 = Release|Any CPU
	EndGlobalSection
	GlobalSection(SolutionProperties) = preSolution
		HideSolutionNode = FALSE
	EndGlobalSection
	GlobalSection(ExtensibilityGlobals) = postSolution
		SolutionGuid = {592011F7-4A68-4AE8-9BB5-83615867874C}
	EndGlobalSection
EndGlobal
